lockfileVersion: '9.0'

settings:
  autoInstallPeers: true
  excludeLinksFromLockfile: false

importers:

  .:
    dependencies:
      ace-builds:
        specifier: ^1.44.0
        version: 1.44.0

packages:

  ace-builds@1.44.0:
    resolution: {integrity: sha512-PFNMSYqFdEUkul2Ntud0HvA09AgY+F1ag0UYdpMH60wNI/qOA8cB8tlTgoALMEwIdUPJK2CjrIQ7OnbiSS/ugQ==}

snapshots:

  ace-builds@1.44.0: {}
